{
  "version": "2",
  "remote": {
    "https://deno.land/x/hono@v3.5.4/client/client.ts": "e56bef190db745f83b3560562e4ef3716df372b416c6a05c2a8038b854fd2eb3",
    "https://deno.land/x/hono@v3.5.4/client/index.ts": "3ff4cf246f3543f827a85a2c84d66a025ac350ee927613629bda47e854bfb7ba",
    "https://deno.land/x/hono@v3.5.4/client/utils.ts": "053273c002963b549d38268a1b423ac8ca211a8028bdab1ed0b781a62aa5e661",
    "https://deno.land/x/hono@v3.5.4/compose.ts": "e55ed7be2134f363ff3c8e8e2f520ff682c6a11a47d7189100ed69704ce10b9e",
    "https://deno.land/x/hono@v3.5.4/context.ts": "87b2017a3396e1d84c91229ad7c3016670425508572c9855ec6c70fc4b9d1b84",
    "https://deno.land/x/hono@v3.5.4/helper/cookie/index.ts": "cef46836d186d9d920f620519f7e96fbe7326c19576b86e1e555ed2229476091",
    "https://deno.land/x/hono@v3.5.4/hono-base.ts": "f7b5848f72de985b7cce9061526eba51c7cbe944f46d8e5dc5d09b21a20dbbd8",
    "https://deno.land/x/hono@v3.5.4/hono.ts": "4bb8574697129ccab8b3a0e457cdc78468c31e3330fece8a7d8850e9314bf5ef",
    "https://deno.land/x/hono@v3.5.4/http-exception.ts": "6071df078b5f76d279684d52fe82a590f447a64ffe1b75eb5064d0c8a8d2d676",
    "https://deno.land/x/hono@v3.5.4/mod.ts": "eee0818e5c557b72863abdd68dcf6fd5277e6e85851a685c7398566f2c12947c",
    "https://deno.land/x/hono@v3.5.4/request.ts": "77d67266e47fbaf0145f069e2fb02799b8d54504bb8c945c8b65a513bdd11aa9",
    "https://deno.land/x/hono@v3.5.4/router.ts": "d03e2a9e862c898e8555b451ba80c65b1f39d487230815229e1f046dbd8546cb",
    "https://deno.land/x/hono@v3.5.4/router/linear-router/index.ts": "8a2a7144c50b1f4a92d9ee99c2c396716af144c868e10608255f969695efccd0",
    "https://deno.land/x/hono@v3.5.4/router/linear-router/router.ts": "90d4afc052b72f53dafbcf97fd32f24299b985f8a35dbdc70b28048201b3dcbc",
    "https://deno.land/x/hono@v3.5.4/router/pattern-router/index.ts": "304a66c50e243872037ed41c7dd79ed0c89d815e17e172e7ad7cdc4bc07d3383",
    "https://deno.land/x/hono@v3.5.4/router/pattern-router/router.ts": "8107b92cb713ba3727639c76fab44fd26883d5f2fa7dd39242150a0f269d4835",
    "https://deno.land/x/hono@v3.5.4/router/reg-exp-router/index.ts": "52755829213941756159b7a963097bafde5cc4fc22b13b1c7c9184dc0512d1db",
    "https://deno.land/x/hono@v3.5.4/router/reg-exp-router/node.ts": "8006b5bccb83d9fc98e0562a5545f6dd0be639ce445b089a6171c9c617aa8693",
    "https://deno.land/x/hono@v3.5.4/router/reg-exp-router/router.ts": "aeddd88e16a7ec3cf088a13ee952cfcb3319f97559767253e1a600f72fc70f27",
    "https://deno.land/x/hono@v3.5.4/router/reg-exp-router/trie.ts": "567493b301c44174f0895aedb8d055bbecf88f8a25626fa8ca61333bbd0c882c",
    "https://deno.land/x/hono@v3.5.4/router/smart-router/index.ts": "74f9b4fe15ea535900f2b9b048581915f12fe94e531dd2b0032f5610e61c3bef",
    "https://deno.land/x/hono@v3.5.4/router/smart-router/router.ts": "38209165dadea4182b42807a0a6c84a9258532a07ebf87262dc2b5b09d25a2a2",
    "https://deno.land/x/hono@v3.5.4/router/trie-router/index.ts": "3eb75e7f71ba81801631b30de6b1f5cefb2c7239c03797e2b2cbab5085911b41",
    "https://deno.land/x/hono@v3.5.4/router/trie-router/node.ts": "a52111dea7436d6817ffca04018eb65e552e9d7b15fba11b367016334dcb1b0f",
    "https://deno.land/x/hono@v3.5.4/router/trie-router/router.ts": "ad0b3fdabc33abd11a9f5819734aec743602a743cfc9f90ddad73787cd5e7727",
    "https://deno.land/x/hono@v3.5.4/types.ts": "9d15fefb589ced3026017c497fb1f3702d90724218f7a39bf0028c553323ebec",
    "https://deno.land/x/hono@v3.5.4/utils/body.ts": "bf2b7732c5941a1024ed5a6017c37ac4edc341379a6d93233f05faa0b37bbff0",
    "https://deno.land/x/hono@v3.5.4/utils/cookie.ts": "3585fd451de104e7e090d5b4d685f71b528873b21a634cb96b19fed622fe4384",
    "https://deno.land/x/hono@v3.5.4/utils/url.ts": "5fc3307ef3cb2e6f34ec2a03e3d7f2126c6a9f5f0eab677222df3f0e40bd7567",
    "https://deno.land/x/hono@v3.5.4/validator/index.ts": "6c986e8b91dcf857ecc8164a506ae8eea8665792a4ff7215471df669c632ae7c",
    "https://deno.land/x/hono@v3.5.4/validator/validator.ts": "0b0ed07a8a8e3ff98cbf20f185e332f70d353c696f16e75dd1a665e2762a2ecb"
  }
}
